// !$*UTF8*$!
{
	archiveVersion = 1;
	classes = {
	};
	objectVersion = 55;
	objects = {

/* Begin PBXBuildFile section */
		C6DAFA12285D3FC70009129D /* AppDelegate.swift in Sources */ = {isa = PBXBuildFile; fileRef = C6DAFA11285D3FC70009129D /* AppDelegate.swift */; };
		C6DAFA14285D3FC70009129D /* SceneDelegate.swift in Sources */ = {isa = PBXBuildFile; fileRef = C6DAFA13285D3FC70009129D /* SceneDelegate.swift */; };
		C6DAFA16285D3FC70009129D /* ViewController.swift in Sources */ = {isa = PBXBuildFile; fileRef = C6DAFA15285D3FC70009129D /* ViewController.swift */; };
		C6DAFA19285D3FC70009129D /* Main.storyboard in Resources */ = {isa = PBXBuildFile; fileRef = C6DAFA17285D3FC70009129D /* Main.storyboard */; };
		C6DAFA1B285D3FC90009129D /* Assets.xcassets in Resources */ = {isa = PBXBuildFile; fileRef = C6DAFA1A285D3FC90009129D /* Assets.xcassets */; };
		C6DAFA1E285D3FC90009129D /* LaunchScreen.storyboard in Resources */ = {isa = PBXBuildFile; fileRef = C6DAFA1C285D3FC90009129D /* LaunchScreen.storyboard */; };
		C6DAFA29285D3FC90009129D /* CarSalesTests.swift in Sources */ = {isa = PBXBuildFile; fileRef = C6DAFA28285D3FC90009129D /* CarSalesTests.swift */; };
		C6DAFA33285D3FC90009129D /* CarSalesUITests.swift in Sources */ = {isa = PBXBuildFile; fileRef = C6DAFA32285D3FC90009129D /* CarSalesUITests.swift */; };
		C6DAFA35285D3FC90009129D /* CarSalesUITestsLaunchTests.swift in Sources */ = {isa = PBXBuildFile; fileRef = C6DAFA34285D3FC90009129D /* CarSalesUITestsLaunchTests.swift */; };
/* End PBXBuildFile section */

/* Begin PBXContainerItemProxy section */
		C6DAFA25285D3FC90009129D /* PBXContainerItemProxy */ = {
			isa = PBXContainerItemProxy;
			containerPortal = C6DAFA06285D3FC70009129D /* Project object */;
			proxyType = 1;
			remoteGlobalIDString = C6DAFA0D285D3FC70009129D;
			remoteInfo = CarSales;
		};
		C6DAFA2F285D3FC90009129D /* PBXContainerItemProxy */ = {
			isa = PBXContainerItemProxy;
			containerPortal = C6DAFA06285D3FC70009129D /* Project object */;
			proxyType = 1;
			remoteGlobalIDString = C6DAFA0D285D3FC70009129D;
			remoteInfo = CarSales;
		};
/* End PBXContainerItemProxy section */

/* Begin PBXFileReference section */
		C6DAFA0E285D3FC70009129D /* CarSales.app */ = {isa = PBXFileReference; explicitFileType = wrapper.application; includeInIndex = 0; path = CarSales.app; sourceTree = BUILT_PRODUCTS_DIR; };
		C6DAFA11285D3FC70009129D /* AppDelegate.swift */ = {isa = PBXFileReference; lastKnownFileType = sourcecode.swift; path = AppDelegate.swift; sourceTree = "<group>"; };
		C6DAFA13285D3FC70009129D /* SceneDelegate.swift */ = {isa = PBXFileReference; lastKnownFileType = sourcecode.swift; path = SceneDelegate.swift; sourceTree = "<group>"; };
		C6DAFA15285D3FC70009129D /* ViewController.swift */ = {isa = PBXFileReference; lastKnownFileType = sourcecode.swift; path = ViewController.swift; sourceTree = "<group>"; };
		C6DAFA18285D3FC70009129D /* Base */ = {isa = PBXFileReference; lastKnownFileType = file.storyboard; name = Base; path = Base.lproj/Main.storyboard; sourceTree = "<group>"; };
		C6DAFA1A285D3FC90009129D /* Assets.xcassets */ = {isa = PBXFileReference; lastKnownFileType = folder.assetcatalog; path = Assets.xcassets; sourceTree = "<group>"; };
		C6DAFA1D285D3FC90009129D /* Base */ = {isa = PBXFileReference; lastKnownFileType = file.storyboard; name = Base; path = Base.lproj/LaunchScreen.storyboard; sourceTree = "<group>"; };
		C6DAFA1F285D3FC90009129D /* Info.plist */ = {isa = PBXFileReference; lastKnownFileType = text.plist.xml; path = Info.plist; sourceTree = "<group>"; };
		C6DAFA24285D3FC90009129D /* CarSalesTests.xctest */ = {isa = PBXFileReference; explicitFileType = wrapper.cfbundle; includeInIndex = 0; path = CarSalesTests.xctest; sourceTree = BUILT_PRODUCTS_DIR; };
		C6DAFA28285D3FC90009129D /* CarSalesTests.swift */ = {isa = PBXFileReference; lastKnownFileType = sourcecode.swift; path = CarSalesTests.swift; sourceTree = "<group>"; };
		C6DAFA2E285D3FC90009129D /* CarSalesUITests.xctest */ = {isa = PBXFileReference; explicitFileType = wrapper.cfbundle; includeInIndex = 0; path = CarSalesUITests.xctest; sourceTree = BUILT_PRODUCTS_DIR; };
		C6DAFA32285D3FC90009129D /* CarSalesUITests.swift */ = {isa = PBXFileReference; lastKnownFileType = sourcecode.swift; path = CarSalesUITests.swift; sourceTree = "<group>"; };
		C6DAFA34285D3FC90009129D /* CarSalesUITestsLaunchTests.swift */ = {isa = PBXFileReference; lastKnownFileType = sourcecode.swift; path = CarSalesUITestsLaunchTests.swift; sourceTree = "<group>"; };
/* End PBXFileReference section */

/* Begin PBXFrameworksBuildPhase section */
		C6DAFA0B285D3FC70009129D /* Frameworks */ = {
			isa = PBXFrameworksBuildPhase;
			buildActionMask = 2147483647;
			files = (
			);
			runOnlyForDeploymentPostprocessing = 0;
		};
		C6DAFA21285D3FC90009129D /* Frameworks */ = {
			isa = PBXFrameworksBuildPhase;
			buildActionMask = 2147483647;
			files = (
			);
			runOnlyForDeploymentPostprocessing = 0;
		};
		C6DAFA2B285D3FC90009129D /* Frameworks */ = {
			isa = PBXFrameworksBuildPhase;
			buildActionMask = 2147483647;
			files = (
			);
			runOnlyForDeploymentPostprocessing = 0;
		};
/* End PBXFrameworksBuildPhase section */

/* Begin PBXGroup section */
		C6DAFA05285D3FC70009129D = {
			isa = PBXGroup;
			children = (
				C6DAFA10285D3FC70009129D /* CarSales */,
				C6DAFA27285D3FC90009129D /* CarSalesTests */,
				C6DAFA31285D3FC90009129D /* CarSalesUITests */,
				C6DAFA0F285D3FC70009129D /* Products */,
			);
			sourceTree = "<group>";
		};
		C6DAFA0F285D3FC70009129D /* Products */ = {
			isa = PBXGroup;
			children = (
				C6DAFA0E285D3FC70009129D /* CarSales.app */,
				C6DAFA24285D3FC90009129D /* CarSalesTests.xctest */,
				C6DAFA2E285D3FC90009129D /* CarSalesUITests.xctest */,
			);
			name = Products;
			sourceTree = "<group>";
		};
		C6DAFA10285D3FC70009129D /* CarSales */ = {
			isa = PBXGroup;
			children = (
				C6DAFA11285D3FC70009129D /* AppDelegate.swift */,
				C6DAFA13285D3FC70009129D /* SceneDelegate.swift */,
				C6DAFA15285D3FC70009129D /* ViewController.swift */,
				C6DAFA17285D3FC70009129D /* Main.storyboard */,
				C6DAFA1A285D3FC90009129D /* Assets.xcassets */,
				C6DAFA1C285D3FC90009129D /* LaunchScreen.storyboard */,
				C6DAFA1F285D3FC90009129D /* Info.plist */,
			);
			path = CarSales;
			sourceTree = "<group>";
		};
		C6DAFA27285D3FC90009129D /* CarSalesTests */ = {
			isa = PBXGroup;
			children = (
				C6DAFA28285D3FC90009129D /* CarSalesTests.swift */,
			);
			path = CarSalesTests;
			sourceTree = "<group>";
		};
		C6DAFA31285D3FC90009129D /* CarSalesUITests */ = {
			isa = PBXGroup;
			children = (
				C6DAFA32285D3FC90009129D /* CarSalesUITests.swift */,
				C6DAFA34285D3FC90009129D /* CarSalesUITestsLaunchTests.swift */,
			);
			path = CarSalesUITests;
			sourceTree = "<group>";
		};
/* End PBXGroup section */

/* Begin PBXNativeTarget section */
		C6DAFA0D285D3FC70009129D /* CarSales */ = {
			isa = PBXNativeTarget;
			buildConfigurationList = C6DAFA38285D3FC90009129D /* Build configuration list for PBXNativeTarget "CarSales" */;
			buildPhases = (
				C6DAFA0A285D3FC70009129D /* Sources */,
				C6DAFA0B285D3FC70009129D /* Frameworks */,
				C6DAFA0C285D3FC70009129D /* Resources */,
			);
			buildRules = (
			);
			dependencies = (
			);
			name = CarSales;
			productName = CarSales;
			productReference = C6DAFA0E285D3FC70009129D /* CarSales.app */;
			productType = "com.apple.product-type.application";
		};
		C6DAFA23285D3FC90009129D /* CarSalesTests */ = {
			isa = PBXNativeTarget;
			buildConfigurationList = C6DAFA3B285D3FC90009129D /* Build configuration list for PBXNativeTarget "CarSalesTests" */;
			buildPhases = (
				C6DAFA20285D3FC90009129D /* Sources */,
				C6DAFA21285D3FC90009129D /* Frameworks */,
				C6DAFA22285D3FC90009129D /* Resources */,
			);
			buildRules = (
			);
			dependencies = (
				C6DAFA26285D3FC90009129D /* PBXTargetDependency */,
			);
			name = CarSalesTests;
			productName = CarSalesTests;
			productReference = C6DAFA24285D3FC90009129D /* CarSalesTests.xctest */;
			productType = "com.apple.product-type.bundle.unit-test";
		};
		C6DAFA2D285D3FC90009129D /* CarSalesUITests */ = {
			isa = PBXNativeTarget;
			buildConfigurationList = C6DAFA3E285D3FC90009129D /* Build configuration list for PBXNativeTarget "CarSalesUITests" */;
			buildPhases = (
				C6DAFA2A285D3FC90009129D /* Sources */,
				C6DAFA2B285D3FC90009129D /* Frameworks */,
				C6DAFA2C285D3FC90009129D /* Resources */,
			);
			buildRules = (
			);
			dependencies = (
				C6DAFA30285D3FC90009129D /* PBXTargetDependency */,
			);
			name = CarSalesUITests;
			productName = CarSalesUITests;
			productReference = C6DAFA2E285D3FC90009129D /* CarSalesUITests.xctest */;
			productType = "com.apple.product-type.bundle.ui-testing";
		};
/* End PBXNativeTarget section */

/* Begin PBXProject section */
		C6DAFA06285D3FC70009129D /* Project object */ = {
			isa = PBXProject;
			attributes = {
				BuildIndependentTargetsInParallel = 1;
				LastSwiftUpdateCheck = 1320;
				LastUpgradeCheck = 1320;
				TargetAttributes = {
					C6DAFA0D285D3FC70009129D = {
						CreatedOnToolsVersion = 13.2;
					};
					C6DAFA23285D3FC90009129D = {
						CreatedOnToolsVersion = 13.2;
						TestTargetID = C6DAFA0D285D3FC70009129D;
					};
					C6DAFA2D285D3FC90009129D = {
						CreatedOnToolsVersion = 13.2;
						TestTargetID = C6DAFA0D285D3FC70009129D;
					};
				};
			};
			buildConfigurationList = C6DAFA09285D3FC70009129D /* Build configuration list for PBXProject "CarSales" */;
			compatibilityVersion = "Xcode 13.0";
			developmentRegion = en;
			hasScannedForEncodings = 0;
			knownRegions = (
				en,
				Base,
			);
			mainGroup = C6DAFA05285D3FC70009129D;
			productRefGroup = C6DAFA0F285D3FC70009129D /* Products */;
			projectDirPath = "";
			projectRoot = "";
			targets = (
				C6DAFA0D285D3FC70009129D /* CarSales */,
				C6DAFA23285D3FC90009129D /* CarSalesTests */,
				C6DAFA2D285D3FC90009129D /* CarSalesUITests */,
			);
		};
/* End PBXProject section */

/* Begin PBXResourcesBuildPhase section */
		C6DAFA0C285D3FC70009129D /* Resources */ = {
			isa = PBXResourcesBuildPhase;
			buildActionMask = 2147483647;
			files = (
				C6DAFA1E285D3FC90009129D /* LaunchScreen.storyboard in Resources */,
				C6DAFA1B285D3FC90009129D /* Assets.xcassets in Resources */,
				C6DAFA19285D3FC70009129D /* Main.storyboard in Resources */,
			);
			runOnlyForDeploymentPostprocessing = 0;
		};
		C6DAFA22285D3FC90009129D /* Resources */ = {
			isa = PBXResourcesBuildPhase;
			buildActionMask = 2147483647;
			files = (
			);
			runOnlyForDeploymentPostprocessing = 0;
		};
		C6DAFA2C285D3FC90009129D /* Resources */ = {
			isa = PBXResourcesBuildPhase;
			buildActionMask = 2147483647;
			files = (
			);
			runOnlyForDeploymentPostprocessing = 0;
		};
/* End PBXResourcesBuildPhase section */

/* Begin PBXSourcesBuildPhase section */
		C6DAFA0A285D3FC70009129D /* Sources */ = {
			isa = PBXSourcesBuildPhase;
			buildActionMask = 2147483647;
			files = (
				C6DAFA16285D3FC70009129D /* ViewController.swift in Sources */,
				C6DAFA12285D3FC70009129D /* AppDelegate.swift in Sources */,
				C6DAFA14285D3FC70009129D /* SceneDelegate.swift in Sources */,
			);
			runOnlyForDeploymentPostprocessing = 0;
		};
		C6DAFA20285D3FC90009129D /* Sources */ = {
			isa = PBXSourcesBuildPhase;
			buildActionMask = 2147483647;
			files = (
				C6DAFA29285D3FC90009129D /* CarSalesTests.swift in Sources */,
			);
			runOnlyForDeploymentPostprocessing = 0;
		};
		C6DAFA2A285D3FC90009129D /* Sources */ = {
			isa = PBXSourcesBuildPhase;
			buildActionMask = 2147483647;
			files = (
				C6DAFA35285D3FC90009129D /* CarSalesUITestsLaunchTests.swift in Sources */,
				C6DAFA33285D3FC90009129D /* CarSalesUITests.swift in Sources */,
			);
			runOnlyForDeploymentPostprocessing = 0;
		};
/* End PBXSourcesBuildPhase section */

/* Begin PBXTargetDependency section */
		C6DAFA26285D3FC90009129D /* PBXTargetDependency */ = {
			isa = PBXTargetDependency;
			target = C6DAFA0D285D3FC70009129D /* CarSales */;
			targetProxy = C6DAFA25285D3FC90009129D /* PBXContainerItemProxy */;
		};
		C6DAFA30285D3FC90009129D /* PBXTargetDependency */ = {
			isa = PBXTargetDependency;
			target = C6DAFA0D285D3FC70009129D /* CarSales */;
			targetProxy = C6DAFA2F285D3FC90009129D /* PBXContainerItemProxy */;
		};
/* End PBXTargetDependency section */

/* Begin PBXVariantGroup section */
		C6DAFA17285D3FC70009129D /* Main.storyboard */ = {
			isa = PBXVariantGroup;
			children = (
				C6DAFA18285D3FC70009129D /* Base */,
			);
			name = Main.storyboard;
			sourceTree = "<group>";
		};
		C6DAFA1C285D3FC90009129D /* LaunchScreen.storyboard */ = {
			isa = PBXVariantGroup;
			children = (
				C6DAFA1D285D3FC90009129D /* Base */,
			);
			name = LaunchScreen.storyboard;
			sourceTree = "<group>";
		};
/* End PBXVariantGroup section */

/* Begin XCBuildConfiguration section */
		C6DAFA36285D3FC90009129D /* Debug */ = {
			isa = XCBuildConfiguration;
			buildSettings = {
				ALWAYS_SEARCH_USER_PATHS = NO;
				CLANG_ANALYZER_NONNULL = YES;
				CLANG_ANALYZER_NUMBER_OBJECT_CONVERSION = YES_AGGRESSIVE;
				CLANG_CXX_LANGUAGE_STANDARD = "gnu++17";
				CLANG_CXX_LIBRARY = "libc++";
				CLANG_ENABLE_MODULES = YES;
				CLANG_ENABLE_OBJC_ARC = YES;
				CLANG_ENABLE_OBJC_WEAK = YES;
				CLANG_WARN_BLOCK_CAPTURE_AUTORELEASING = YES;
				CLANG_WARN_BOOL_CONVERSION = YES;
				CLANG_WARN_COMMA = YES;
				CLANG_WARN_CONSTANT_CONVERSION = YES;
				CLANG_WARN_DEPRECATED_OBJC_IMPLEMENTATIONS = YES;
				CLANG_WARN_DIRECT_OBJC_ISA_USAGE = YES_ERROR;
				CLANG_WARN_DOCUMENTATION_COMMENTS = YES;
				CLANG_WARN_EMPTY_BODY = YES;
				CLANG_WARN_ENUM_CONVERSION = YES;
				CLANG_WARN_INFINITE_RECURSION = YES;
				CLANG_WARN_INT_CONVERSION = YES;
				CLANG_WARN_NON_LITERAL_NULL_CONVERSION = YES;
				CLANG_WARN_OBJC_IMPLICIT_RETAIN_SELF = YES;
				CLANG_WARN_OBJC_LITERAL_CONVERSION = YES;
				CLANG_WARN_OBJC_ROOT_CLASS = YES_ERROR;
				CLANG_WARN_QUOTED_INCLUDE_IN_FRAMEWORK_HEADER = YES;
				CLANG_WARN_RANGE_LOOP_ANALYSIS = YES;
				CLANG_WARN_STRICT_PROTOTYPES = YES;
				CLANG_WARN_SUSPICIOUS_MOVE = YES;
				CLANG_WARN_UNGUARDED_AVAILABILITY = YES_AGGRESSIVE;
				CLANG_WARN_UNREACHABLE_CODE = YES;
				CLANG_WARN__DUPLICATE_METHOD_MATCH = YES;
				COPY_PHASE_STRIP = NO;
				DEBUG_INFORMATION_FORMAT = dwarf;
				ENABLE_STRICT_OBJC_MSGSEND = YES;
				ENABLE_TESTABILITY = YES;
				GCC_C_LANGUAGE_STANDARD = gnu11;
				GCC_DYNAMIC_NO_PIC = NO;
				GCC_NO_COMMON_BLOCKS = YES;
				GCC_OPTIMIZATION_LEVEL = 0;
				GCC_PREPROCESSOR_DEFINITIONS = (
					"DEBUG=1",
					"$(inherited)",
				);
				GCC_WARN_64_TO_32_BIT_CONVERSION = YES;
				GCC_WARN_ABOUT_RETURN_TYPE = YES_ERROR;
				GCC_WARN_UNDECLARED_SELECTOR = YES;
				GCC_WARN_UNINITIALIZED_AUTOS = YES_AGGRESSIVE;
				GCC_WARN_UNUSED_FUNCTION = YES;
				GCC_WARN_UNUSED_VARIABLE = YES;
				IPHONEOS_DEPLOYMENT_TARGET = 15.2;
				MTL_ENABLE_DEBUG_INFO = INCLUDE_SOURCE;
				MTL_FAST_MATH = YES;
				ONLY_ACTIVE_ARCH = YES;
				SDKROOT = iphoneos;
				SWIFT_ACTIVE_COMPILATION_CONDITIONS = DEBUG;
				SWIFT_OPTIMIZATION_LEVEL = "-Onone";
			};
			name = Debug;
		};
		C6DAFA37285D3FC90009129D /* Release */ = {
			isa = XCBuildConfiguration;
			buildSettings = {
				ALWAYS_SEARCH_USER_PATHS = NO;
				CLANG_ANALYZER_NONNULL = YES;
				CLANG_ANALYZER_NUMBER_OBJECT_CONVERSION = YES_AGGRESSIVE;
				CLANG_CXX_LANGUAGE_STANDARD = "gnu++17";
				CLANG_CXX_LIBRARY = "libc++";
				CLANG_ENABLE_MODULES = YES;
				CLANG_ENABLE_OBJC_ARC = YES;
				CLANG_ENABLE_OBJC_WEAK = YES;
				CLANG_WARN_BLOCK_CAPTURE_AUTORELEASING = YES;
				CLANG_WARN_BOOL_CONVERSION = YES;
				CLANG_WARN_COMMA = YES;
				CLANG_WARN_CONSTANT_CONVERSION = YES;
				CLANG_WARN_DEPRECATED_OBJC_IMPLEMENTATIONS = YES;
				CLANG_WARN_DIRECT_OBJC_ISA_USAGE = YES_ERROR;
				CLANG_WARN_DOCUMENTATION_COMMENTS = YES;
				CLANG_WARN_EMPTY_BODY = YES;
				CLANG_WARN_ENUM_CONVERSION = YES;
				CLANG_WARN_INFINITE_RECURSION = YES;
				CLANG_WARN_INT_CONVERSION = YES;
				CLANG_WARN_NON_LITERAL_NULL_CONVERSION = YES;
				CLANG_WARN_OBJC_IMPLICIT_RETAIN_SELF = YES;
				CLANG_WARN_OBJC_LITERAL_CONVERSION = YES;
				CLANG_WARN_OBJC_ROOT_CLASS = YES_ERROR;
				CLANG_WARN_QUOTED_INCLUDE_IN_FRAMEWORK_HEADER = YES;
				CLANG_WARN_RANGE_LOOP_ANALYSIS = YES;
				CLANG_WARN_STRICT_PROTOTYPES = YES;
				CLANG_WARN_SUSPICIOUS_MOVE = YES;
				CLANG_WARN_UNGUARDED_AVAILABILITY = YES_AGGRESSIVE;
				CLANG_WARN_UNREACHABLE_CODE = YES;
				CLANG_WARN__DUPLICATE_METHOD_MATCH = YES;
				COPY_PHASE_STRIP = NO;
				DEBUG_INFORMATION_FORMAT = "dwarf-with-dsym";
				ENABLE_NS_ASSERTIONS = NO;
				ENABLE_STRICT_OBJC_MSGSEND = YES;
				GCC_C_LANGUAGE_STANDARD = gnu11;
				GCC_NO_COMMON_BLOCKS = YES;
				GCC_WARN_64_TO_32_BIT_CONVERSION = YES;
				GCC_WARN_ABOUT_RETURN_TYPE = YES_ERROR;
				GCC_WARN_UNDECLARED_SELECTOR = YES;
				GCC_WARN_UNINITIALIZED_AUTOS = YES_AGGRESSIVE;
				GCC_WARN_UNUSED_FUNCTION = YES;
				GCC_WARN_UNUSED_VARIABLE = YES;
				IPHONEOS_DEPLOYMENT_TARGET = 15.2;
				MTL_ENABLE_DEBUG_INFO = NO;
				MTL_FAST_MATH = YES;
				SDKROOT = iphoneos;
				SWIFT_COMPILATION_MODE = wholemodule;
				SWIFT_OPTIMIZATION_LEVEL = "-O";
				VALIDATE_PRODUCT = YES;
			};
			name = Release;
		};
		C6DAFA39285D3FC90009129D /* Debug */ = {
			isa = XCBuildConfiguration;
			buildSettings = {
				ASSETCATALOG_COMPILER_APPICON_NAME = AppIcon;
				ASSETCATALOG_COMPILER_GLOBAL_ACCENT_COLOR_NAME = AccentColor;
				CODE_SIGN_STYLE = Automatic;
				CURRENT_PROJECT_VERSION = 1;
				DEVELOPMENT_TEAM = 92LV886DZV;
				GENERATE_INFOPLIST_FILE = YES;
				INFOPLIST_FILE = CarSales/Info.plist;
				INFOPLIST_KEY_UIApplicationSupportsIndirectInputEvents = YES;
				INFOPLIST_KEY_UILaunchStoryboardName = LaunchScreen;
				INFOPLIST_KEY_UIMainStoryboardFile = Main;
				INFOPLIST_KEY_UISupportedInterfaceOrientations_iPad = "UIInterfaceOrientationPortrait UIInterfaceOrientationPortraitUpsideDown UIInterfaceOrientationLandscapeLeft UIInterfaceOrientationLandscapeRight";
				INFOPLIST_KEY_UISupportedInterfaceOrientations_iPhone = "UIInterfaceOrientationPortrait UIInterfaceOrientationLandscapeLeft UIInterfaceOrientationLandscapeRight";
				LD_RUNPATH_SEARCH_PATHS = (
					"$(inherited)",
					"@executable_path/Frameworks",
				);
				MARKETING_VERSION = 1.0;
				PRODUCT_BUNDLE_IDENTIFIER = com.droidtapgames.CarSales;
				PRODUCT_NAME = "$(TARGET_NAME)";
				SWIFT_EMIT_LOC_STRINGS = YES;
				SWIFT_VERSION = 5.0;
				TARGETED_DEVICE_FAMILY = "1,2";
			};
			name = Debug;
		};
		C6DAFA3A285D3FC90009129D /* Release */ = {
			isa = XCBuildConfiguration;
			buildSettings = {
				ASSETCATALOG_COMPILER_APPICON_NAME = AppIcon;
				ASSETCATALOG_COMPILER_GLOBAL_ACCENT_COLOR_NAME = AccentColor;
				CODE_SIGN_STYLE = Automatic;
				CURRENT_PROJECT_VERSION = 1;
				DEVELOPMENT_TEAM = 92LV886DZV;
				GENERATE_INFOPLIST_FILE = YES;
				INFOPLIST_FILE = CarSales/Info.plist;
				INFOPLIST_KEY_UIApplicationSupportsIndirectInputEvents = YES;
				INFOPLIST_KEY_UILaunchStoryboardName = LaunchScreen;
				INFOPLIST_KEY_UIMainStoryboardFile = Main;
				INFOPLIST_KEY_UISupportedInterfaceOrientations_iPad = "UIInterfaceOrientationPortrait UIInterfaceOrientationPortraitUpsideDown UIInterfaceOrientationLandscapeLeft UIInterfaceOrientationLandscapeRight";
				INFOPLIST_KEY_UISupportedInterfaceOrientations_iPhone = "UIInterfaceOrientationPortrait UIInterfaceOrientationLandscapeLeft UIInterfaceOrientationLandscapeRight";
				LD_RUNPATH_SEARCH_PATHS = (
					"$(inherited)",
					"@executable_path/Frameworks",
				);
				MARKETING_VERSION = 1.0;
				PRODUCT_BUNDLE_IDENTIFIER = com.droidtapgames.CarSales;
				PRODUCT_NAME = "$(TARGET_NAME)";
				SWIFT_EMIT_LOC_STRINGS = YES;
				SWIFT_VERSION = 5.0;
				TARGETED_DEVICE_FAMILY = "1,2";
			};
			name = Release;
		};
		C6DAFA3C285D3FC90009129D /* Debug */ = {
			isa = XCBuildConfiguration;
			buildSettings = {
				ALWAYS_EMBED_SWIFT_STANDARD_LIBRARIES = YES;
				BUNDLE_LOADER = "$(TEST_HOST)";
				CODE_SIGN_STYLE = Automatic;
				CURRENT_PROJECT_VERSION = 1;
				GENERATE_INFOPLIST_FILE = YES;
				IPHONEOS_DEPLOYMENT_TARGET = 15.2;
				MARKETING_VERSION = 1.0;
				PRODUCT_BUNDLE_IDENTIFIER = com.droidtapgames.CarSalesTests;
				PRODUCT_NAME = "$(TARGET_NAME)";
				SWIFT_EMIT_LOC_STRINGS = NO;
				SWIFT_VERSION = 5.0;
				TARGETED_DEVICE_FAMILY = "1,2";
				TEST_HOST = "$(BUILT_PRODUCTS_DIR)/CarSales.app/CarSales";
			};
			name = Debug;
		};
		C6DAFA3D285D3FC90009129D /* Release */ = {
			isa = XCBuildConfiguration;
			buildSettings = {
				ALWAYS_EMBED_SWIFT_STANDARD_LIBRARIES = YES;
				BUNDLE_LOADER = "$(TEST_HOST)";
				CODE_SIGN_STYLE = Automatic;
				CURRENT_PROJECT_VERSION = 1;
				GENERATE_INFOPLIST_FILE = YES;
				IPHONEOS_DEPLOYMENT_TARGET = 15.2;
				MARKETING_VERSION = 1.0;
				PRODUCT_BUNDLE_IDENTIFIER = com.droidtapgames.CarSalesTests;
				PRODUCT_NAME = "$(TARGET_NAME)";
				SWIFT_EMIT_LOC_STRINGS = NO;
				SWIFT_VERSION = 5.0;
				TARGETED_DEVICE_FAMILY = "1,2";
				TEST_HOST = "$(BUILT_PRODUCTS_DIR)/CarSales.app/CarSales";
			};
			name = Release;
		};
		C6DAFA3F285D3FC90009129D /* Debug */ = {
			isa = XCBuildConfiguration;
			buildSettings = {
				ALWAYS_EMBED_SWIFT_STANDARD_LIBRARIES = YES;
				CODE_SIGN_STYLE = Automatic;
				CURRENT_PROJECT_VERSION = 1;
				GENERATE_INFOPLIST_FILE = YES;
				MARKETING_VERSION = 1.0;
				PRODUCT_BUNDLE_IDENTIFIER = com.droidtapgames.CarSalesUITests;
				PRODUCT_NAME = "$(TARGET_NAME)";
				SWIFT_EMIT_LOC_STRINGS = NO;
				SWIFT_VERSION = 5.0;
				TARGETED_DEVICE_FAMILY = "1,2";
				TEST_TARGET_NAME = CarSales;
			};
			name = Debug;
		};
		C6DAFA40285D3FC90009129D /* Release */ = {
			isa = XCBuildConfiguration;
			buildSettings = {
				ALWAYS_EMBED_SWIFT_STANDARD_LIBRARIES = YES;
				CODE_SIGN_STYLE = Automatic;
				CURRENT_PROJECT_VERSION = 1;
				GENERATE_INFOPLIST_FILE = YES;
				MARKETING_VERSION = 1.0;
				PRODUCT_BUNDLE_IDENTIFIER = com.droidtapgames.CarSalesUITests;
				PRODUCT_NAME = "$(TARGET_NAME)";
				SWIFT_EMIT_LOC_STRINGS = NO;
				SWIFT_VERSION = 5.0;
				TARGETED_DEVICE_FAMILY = "1,2";
				TEST_TARGET_NAME = CarSales;
			};
			name = Release;
		};
/* End XCBuildConfiguration section */

/* Begin XCConfigurationList section */
		C6DAFA09285D3FC70009129D /* Build configuration list for PBXProject "CarSales" */ = {
			isa = XCConfigurationList;
			buildConfigurations = (
				C6DAFA36285D3FC90009129D /* Debug */,
				C6DAFA37285D3FC90009129D /* Release */,
			);
			defaultConfigurationIsVisible = 0;
			defaultConfigurationName = Release;
		};
		C6DAFA38285D3FC90009129D /* Build configuration list for PBXNativeTarget "CarSales" */ = {
			isa = XCConfigurationList;
			buildConfigurations = (
				C6DAFA39285D3FC90009129D /* Debug */,
				C6DAFA3A285D3FC90009129D /* Release */,
			);
			defaultConfigurationIsVisible = 0;
			defaultConfigurationName = Release;
		};
		C6DAFA3B285D3FC90009129D /* Build configuration list for PBXNativeTarget "CarSalesTests" */ = {
			isa = XCConfigurationList;
			buildConfigurations = (
				C6DAFA3C285D3FC90009129D /* Debug */,
				C6DAFA3D285D3FC90009129D /* Release */,
			);
			defaultConfigurationIsVisible = 0;
			defaultConfigurationName = Release;
		};
		C6DAFA3E285D3FC90009129D /* Build configuration list for PBXNativeTarget "CarSalesUITests" */ = {
			isa = XCConfigurationList;
			buildConfigurations = (
				C6DAFA3F285D3FC90009129D /* Debug */,
				C6DAFA40285D3FC90009129D /* Release */,
			);
			defaultConfigurationIsVisible = 0;
			defaultConfigurationName = Release;
		};
/* End XCConfigurationList section */
	};
	rootObject = C6DAFA06285D3FC70009129D /* Project object */;
}
